
Microsoft Visual Studio Solution File, Format Version 12.00
# Visual Studio 2012
Project("{FAE04EC0-301F-11D3-BF4B-00C04F79EFBC}") = "Logger", "Logger\Logger.csproj", "{9B3255A7-51B3-42FF-B4CA-23EF3DB68A60}"
EndProject
Project("{FAE04EC0-301F-11D3-BF4B-00C04F79EFBC}") = "ConsoleApplication1", "ConsoleApplication1\ConsoleApplication1.csproj", "{CFD7C890-316D-4EAF-B837-1F2455B90157}"
EndProject
Global
	GlobalSection(SolutionConfigurationPlatforms) = preSolution
		Debug|Any CPU = Debug|Any CPU
		Release|Any CPU = Release|Any CPU
	EndGlobalSection
	GlobalSection(ProjectConfigurationPlatforms) = postSolution
		{9B3255A7-51B3-42FF-B4CA-23EF3DB68A60}.Debug|Any CPU.ActiveCfg = Debug|Any CPU
		{9B3255A7-51B3-42FF-B4CA-23EF3DB68A60}.Debug|Any CPU.Build.0 = Debug|Any CPU
		{9B3255A7-51B3-42FF-B4CA-23EF3DB68A60}.Release|Any CPU.ActiveCfg = Release|Any CPU
		{9B3255A7-51B3-42FF-B4CA-23EF3DB68A60}.Release|Any CPU.Build.0 = Release|Any CPU
		{CFD7C890-316D-4EAF-B837-1F2455B90157}.Debug|Any CPU.ActiveCfg = Debug|Any CPU
		{CFD7C890-316D-4EAF-B837-1F2455B90157}.Debug|Any CPU.Build.0 = Debug|Any CPU
		{CFD7C890-316D-4EAF-B837-1F2455B90157}.Release|Any CPU.ActiveCfg = Release|Any CPU
		{CFD7C890-316D-4EAF-B837-1F2455B90157}.Release|Any CPU.Build.0 = Release|Any CPU
	EndGlobalSection
	GlobalSection(SolutionProperties) = preSolution
		HideSolutionNode = FALSE
	EndGlobalSection
EndGlobal
